// !$*UTF8*$!
{
	archiveVersion = 1;
	classes = {
	};
	objectVersion = 50;
	objects = {

/* Begin PBXBuildFile section */
		C407030A226F9EB8008F36D2 /* Assets.xcassets in Resources */ = {isa = PBXBuildFile; fileRef = C4070308226F9EB8008F36D2 /* Assets.xcassets */; };
		C4B81782226BFD18009802B6 /* laser.mp3 in Resources */ = {isa = PBXBuildFile; fileRef = C4B81780226BFD17009802B6 /* laser.mp3 */; };
		C4B81783226BFD18009802B6 /* explosion.mp3 in Resources */ = {isa = PBXBuildFile; fileRef = C4B81781226BFD17009802B6 /* explosion.mp3 */; };
		C4B8178D226BFE1F009802B6 /* Assets.xcassets in Resources */ = {isa = PBXBuildFile; fileRef = C4B8178B226BFE1F009802B6 /* Assets.xcassets */; };
		C4B8178F226BFECB009802B6 /* Explosion.sks in Resources */ = {isa = PBXBuildFile; fileRef = C4B8178E226BFECB009802B6 /* Explosion.sks */; };
		C4B81794226C159E009802B6 /* MainMenuScene.sks in Resources */ = {isa = PBXBuildFile; fileRef = C4B81793226C159E009802B6 /* MainMenuScene.sks */; };
		C4B81796226C1638009802B6 /* MainMenuScene.swift in Sources */ = {isa = PBXBuildFile; fileRef = C4B81795226C1638009802B6 /* MainMenuScene.swift */; };
		C4B81799226C334B009802B6 /* HighScoresScene.sks in Resources */ = {isa = PBXBuildFile; fileRef = C4B81798226C334B009802B6 /* HighScoresScene.sks */; };
		C4B8179B226C3A8A009802B6 /* HighScoresScene.swift in Sources */ = {isa = PBXBuildFile; fileRef = C4B8179A226C3A8A009802B6 /* HighScoresScene.swift */; };
		C4B8179E226C6723009802B6 /* GameOverScene.sks in Resources */ = {isa = PBXBuildFile; fileRef = C4B8179D226C6723009802B6 /* GameOverScene.sks */; };
		C4B817A0226C6742009802B6 /* GameOverScene.swift in Sources */ = {isa = PBXBuildFile; fileRef = C4B8179F226C6742009802B6 /* GameOverScene.swift */; };
		C4E0F772226806F100D6F6E1 /* AppDelegate.swift in Sources */ = {isa = PBXBuildFile; fileRef = C4E0F771226806F100D6F6E1 /* AppDelegate.swift */; };
		C4E0F774226806F100D6F6E1 /* GameScene.sks in Resources */ = {isa = PBXBuildFile; fileRef = C4E0F773226806F100D6F6E1 /* GameScene.sks */; };
		C4E0F776226806F100D6F6E1 /* Actions.sks in Resources */ = {isa = PBXBuildFile; fileRef = C4E0F775226806F100D6F6E1 /* Actions.sks */; };
		C4E0F778226806F100D6F6E1 /* GameScene.swift in Sources */ = {isa = PBXBuildFile; fileRef = C4E0F777226806F100D6F6E1 /* GameScene.swift */; };
		C4E0F77A226806F100D6F6E1 /* GameViewController.swift in Sources */ = {isa = PBXBuildFile; fileRef = C4E0F779226806F100D6F6E1 /* GameViewController.swift */; };
		C4E0F77D226806F100D6F6E1 /* Main.storyboard in Resources */ = {isa = PBXBuildFile; fileRef = C4E0F77B226806F100D6F6E1 /* Main.storyboard */; };
		C4E0F782226806F300D6F6E1 /* LaunchScreen.storyboard in Resources */ = {isa = PBXBuildFile; fileRef = C4E0F780226806F300D6F6E1 /* LaunchScreen.storyboard */; };
/* End PBXBuildFile section */

/* Begin PBXFileReference section */
		C4070308226F9EB8008F36D2 /* Assets.xcassets */ = {isa = PBXFileReference; lastKnownFileType = folder.assetcatalog; path = Assets.xcassets; sourceTree = "<group>"; };
		C4B81780226BFD17009802B6 /* laser.mp3 */ = {isa = PBXFileReference; lastKnownFileType = audio.mp3; path = laser.mp3; sourceTree = "<group>"; };
		C4B81781226BFD17009802B6 /* explosion.mp3 */ = {isa = PBXFileReference; lastKnownFileType = audio.mp3; path = explosion.mp3; sourceTree = "<group>"; };
		C4B8178B226BFE1F009802B6 /* Assets.xcassets */ = {isa = PBXFileReference; lastKnownFileType = folder.assetcatalog; path = Assets.xcassets; sourceTree = "<group>"; };
		C4B8178E226BFECB009802B6 /* Explosion.sks */ = {isa = PBXFileReference; lastKnownFileType = file.sks; path = Explosion.sks; sourceTree = "<group>"; };
		C4B81793226C159E009802B6 /* MainMenuScene.sks */ = {isa = PBXFileReference; lastKnownFileType = file.sks; path = MainMenuScene.sks; sourceTree = "<group>"; };
		C4B81795226C1638009802B6 /* MainMenuScene.swift */ = {isa = PBXFileReference; lastKnownFileType = sourcecode.swift; path = MainMenuScene.swift; sourceTree = "<group>"; };
		C4B81798226C334B009802B6 /* HighScoresScene.sks */ = {isa = PBXFileReference; lastKnownFileType = file.sks; path = HighScoresScene.sks; sourceTree = "<group>"; };
		C4B8179A226C3A8A009802B6 /* HighScoresScene.swift */ = {isa = PBXFileReference; lastKnownFileType = sourcecode.swift; path = HighScoresScene.swift; sourceTree = "<group>"; };
		C4B8179D226C6723009802B6 /* GameOverScene.sks */ = {isa = PBXFileReference; lastKnownFileType = file.sks; path = GameOverScene.sks; sourceTree = "<group>"; };
		C4B8179F226C6742009802B6 /* GameOverScene.swift */ = {isa = PBXFileReference; lastKnownFileType = sourcecode.swift; path = GameOverScene.swift; sourceTree = "<group>"; };
		C4E0F76E226806F100D6F6E1 /* Asteroid.app */ = {isa = PBXFileReference; explicitFileType = wrapper.application; includeInIndex = 0; path = Asteroid.app; sourceTree = BUILT_PRODUCTS_DIR; };
		C4E0F771226806F100D6F6E1 /* AppDelegate.swift */ = {isa = PBXFileReference; lastKnownFileType = sourcecode.swift; path = AppDelegate.swift; sourceTree = "<group>"; };
		C4E0F773226806F100D6F6E1 /* GameScene.sks */ = {isa = PBXFileReference; lastKnownFileType = file.sks; path = GameScene.sks; sourceTree = "<group>"; };
		C4E0F775226806F100D6F6E1 /* Actions.sks */ = {isa = PBXFileReference; lastKnownFileType = file.sks; path = Actions.sks; sourceTree = "<group>"; };
		C4E0F777226806F100D6F6E1 /* GameScene.swift */ = {isa = PBXFileReference; lastKnownFileType = sourcecode.swift; path = GameScene.swift; sourceTree = "<group>"; };
		C4E0F779226806F100D6F6E1 /* GameViewController.swift */ = {isa = PBXFileReference; lastKnownFileType = sourcecode.swift; path = GameViewController.swift; sourceTree = "<group>"; };
		C4E0F77C226806F100D6F6E1 /* Base */ = {isa = PBXFileReference; lastKnownFileType = file.storyboard; name = Base; path = Base.lproj/Main.storyboard; sourceTree = "<group>"; };
		C4E0F781226806F300D6F6E1 /* Base */ = {isa = PBXFileReference; lastKnownFileType = file.storyboard; name = Base; path = Base.lproj/LaunchScreen.storyboard; sourceTree = "<group>"; };
		C4E0F783226806F400D6F6E1 /* Info.plist */ = {isa = PBXFileReference; lastKnownFileType = text.plist.xml; path = Info.plist; sourceTree = "<group>"; };
/* End PBXFileReference section */

/* Begin PBXFrameworksBuildPhase section */
		C4E0F76B226806F100D6F6E1 /* Frameworks */ = {
			isa = PBXFrameworksBuildPhase;
			buildActionMask = 2147483647;
			files = (
			);
			runOnlyForDeploymentPostprocessing = 0;
		};
/* End PBXFrameworksBuildPhase section */

/* Begin PBXGroup section */
		C4B81790226C14FA009802B6 /* Game */ = {
			isa = PBXGroup;
			children = (
				C4E0F777226806F100D6F6E1 /* GameScene.swift */,
				C4E0F773226806F100D6F6E1 /* GameScene.sks */,
			);
			path = Game;
			sourceTree = "<group>";
		};
		C4B81791226C1517009802B6 /* Emmitters */ = {
			isa = PBXGroup;
			children = (
				C4B8178E226BFECB009802B6 /* Explosion.sks */,
				C4070308226F9EB8008F36D2 /* Assets.xcassets */,
			);
			path = Emmitters;
			sourceTree = "<group>";
		};
		C4B81792226C1529009802B6 /* Sounds */ = {
			isa = PBXGroup;
			children = (
				C4B81781226BFD17009802B6 /* explosion.mp3 */,
				C4B81780226BFD17009802B6 /* laser.mp3 */,
			);
			path = Sounds;
			sourceTree = "<group>";
		};
		C4B81797226C2AD5009802B6 /* Main Menu */ = {
			isa = PBXGroup;
			children = (
				C4B81795226C1638009802B6 /* MainMenuScene.swift */,
				C4B81793226C159E009802B6 /* MainMenuScene.sks */,
			);
			path = "Main Menu";
			sourceTree = "<group>";
		};
		C4B8179C226C66E1009802B6 /* High Scores */ = {
			isa = PBXGroup;
			children = (
				C4B8179A226C3A8A009802B6 /* HighScoresScene.swift */,
				C4B81798226C334B009802B6 /* HighScoresScene.sks */,
			);
			path = "High Scores";
			sourceTree = "<group>";
		};
		C4B817A1226C6A3F009802B6 /* Game Over */ = {
			isa = PBXGroup;
			children = (
				C4B8179F226C6742009802B6 /* GameOverScene.swift */,
				C4B8179D226C6723009802B6 /* GameOverScene.sks */,
			);
			path = "Game Over";
			sourceTree = "<group>";
		};
		C4E0F765226806F100D6F6E1 = {
			isa = PBXGroup;
			children = (
				C4E0F770226806F100D6F6E1 /* Asteroid */,
				C4E0F76F226806F100D6F6E1 /* Products */,
			);
			sourceTree = "<group>";
		};
		C4E0F76F226806F100D6F6E1 /* Products */ = {
			isa = PBXGroup;
			children = (
				C4E0F76E226806F100D6F6E1 /* Asteroid.app */,
			);
			name = Products;
			sourceTree = "<group>";
		};
		C4E0F770226806F100D6F6E1 /* Asteroid */ = {
			isa = PBXGroup;
			children = (
				C4E0F771226806F100D6F6E1 /* AppDelegate.swift */,
				C4E0F779226806F100D6F6E1 /* GameViewController.swift */,
				C4E0F775226806F100D6F6E1 /* Actions.sks */,
				C4E0F77B226806F100D6F6E1 /* Main.storyboard */,
				C4B817A1226C6A3F009802B6 /* Game Over */,
				C4B8179C226C66E1009802B6 /* High Scores */,
				C4B81797226C2AD5009802B6 /* Main Menu */,
				C4B81790226C14FA009802B6 /* Game */,
				C4B81792226C1529009802B6 /* Sounds */,
				C4B81791226C1517009802B6 /* Emmitters */,
				C4E0F780226806F300D6F6E1 /* LaunchScreen.storyboard */,
				C4E0F783226806F400D6F6E1 /* Info.plist */,
				C4B8178B226BFE1F009802B6 /* Assets.xcassets */,
			);
			path = Asteroid;
			sourceTree = "<group>";
		};
/* End PBXGroup section */

/* Begin PBXNativeTarget section */
		C4E0F76D226806F100D6F6E1 /* Asteroid */ = {
			isa = PBXNativeTarget;
			buildConfigurationList = C4E0F786226806F400D6F6E1 /* Build configuration list for PBXNativeTarget "Asteroid" */;
			buildPhases = (
				C4E0F76A226806F100D6F6E1 /* Sources */,
				C4E0F76B226806F100D6F6E1 /* Frameworks */,
				C4E0F76C226806F100D6F6E1 /* Resources */,
			);
			buildRules = (
			);
			dependencies = (
			);
			name = Asteroid;
			productName = Asteroid;
			productReference = C4E0F76E226806F100D6F6E1 /* Asteroid.app */;
			productType = "com.apple.product-type.application";
		};
/* End PBXNativeTarget section */

/* Begin PBXProject section */
		C4E0F766226806F100D6F6E1 /* Project object */ = {
			isa = PBXProject;
			attributes = {
				LastSwiftUpdateCheck = 1020;
				LastUpgradeCheck = 1020;
				ORGANIZATIONNAME = "Anthony W Fealy";
				TargetAttributes = {
					C4E0F76D226806F100D6F6E1 = {
						CreatedOnToolsVersion = 10.2;
					};
				};
			};
			buildConfigurationList = C4E0F769226806F100D6F6E1 /* Build configuration list for PBXProject "Asteroid" */;
			compatibilityVersion = "Xcode 9.3";
			developmentRegion = en;
			hasScannedForEncodings = 0;
			knownRegions = (
				en,
				Base,
			);
			mainGroup = C4E0F765226806F100D6F6E1;
			productRefGroup = C4E0F76F226806F100D6F6E1 /* Products */;
			projectDirPath = "";
			projectRoot = "";
			targets = (
				C4E0F76D226806F100D6F6E1 /* Asteroid */,
			);
		};
/* End PBXProject section */

/* Begin PBXResourcesBuildPhase section */
		C4E0F76C226806F100D6F6E1 /* Resources */ = {
			isa = PBXResourcesBuildPhase;
			buildActionMask = 2147483647;
			files = (
				C4E0F77D226806F100D6F6E1 /* Main.storyboard in Resources */,
				C4B81794226C159E009802B6 /* MainMenuScene.sks in Resources */,
				C4E0F774226806F100D6F6E1 /* GameScene.sks in Resources */,
				C407030A226F9EB8008F36D2 /* Assets.xcassets in Resources */,
				C4E0F782226806F300D6F6E1 /* LaunchScreen.storyboard in Resources */,
				C4B81783226BFD18009802B6 /* explosion.mp3 in Resources */,
				C4B81782226BFD18009802B6 /* laser.mp3 in Resources */,
				C4B81799226C334B009802B6 /* HighScoresScene.sks in Resources */,
				C4B8178F226BFECB009802B6 /* Explosion.sks in Resources */,
				C4B8178D226BFE1F009802B6 /* Assets.xcassets in Resources */,
				C4B8179E226C6723009802B6 /* GameOverScene.sks in Resources */,
				C4E0F776226806F100D6F6E1 /* Actions.sks in Resources */,
			);
			runOnlyForDeploymentPostprocessing = 0;
		};
/* End PBXResourcesBuildPhase section */

/* Begin PBXSourcesBuildPhase section */
		C4E0F76A226806F100D6F6E1 /* Sources */ = {
			isa = PBXSourcesBuildPhase;
			buildActionMask = 2147483647;
			files = (
				C4B8179B226C3A8A009802B6 /* HighScoresScene.swift in Sources */,
				C4E0F778226806F100D6F6E1 /* GameScene.swift in Sources */,
				C4E0F77A226806F100D6F6E1 /* GameViewController.swift in Sources */,
				C4B81796226C1638009802B6 /* MainMenuScene.swift in Sources */,
				C4B817A0226C6742009802B6 /* GameOverScene.swift in Sources */,
				C4E0F772226806F100D6F6E1 /* AppDelegate.swift in Sources */,
			);
			runOnlyForDeploymentPostprocessing = 0;
		};
/* End PBXSourcesBuildPhase section */

/* Begin PBXVariantGroup section */
		C4E0F77B226806F100D6F6E1 /* Main.storyboard */ = {
			isa = PBXVariantGroup;
			children = (
				C4E0F77C226806F100D6F6E1 /* Base */,
			);
			name = Main.storyboard;
			sourceTree = "<group>";
		};
		C4E0F780226806F300D6F6E1 /* LaunchScreen.storyboard */ = {
			isa = PBXVariantGroup;
			children = (
				C4E0F781226806F300D6F6E1 /* Base */,
			);
			name = LaunchScreen.storyboard;
			sourceTree = "<group>";
		};
/* End PBXVariantGroup section */

/* Begin XCBuildConfiguration section */
		C4E0F784226806F400D6F6E1 /* Debug */ = {
			isa = XCBuildConfiguration;
			buildSettings = {
				ALWAYS_SEARCH_USER_PATHS = NO;
				CLANG_ANALYZER_NONNULL = YES;
				CLANG_ANALYZER_NUMBER_OBJECT_CONVERSION = YES_AGGRESSIVE;
				CLANG_CXX_LANGUAGE_STANDARD = "gnu++14";
				CLANG_CXX_LIBRARY = "libc++";
				CLANG_ENABLE_MODULES = YES;
				CLANG_ENABLE_OBJC_ARC = YES;
				CLANG_ENABLE_OBJC_WEAK = YES;
				CLANG_WARN_BLOCK_CAPTURE_AUTORELEASING = YES;
				CLANG_WARN_BOOL_CONVERSION = YES;
				CLANG_WARN_COMMA = YES;
				CLANG_WARN_CONSTANT_CONVERSION = YES;
				CLANG_WARN_DEPRECATED_OBJC_IMPLEMENTATIONS = YES;
				CLANG_WARN_DIRECT_OBJC_ISA_USAGE = YES_ERROR;
				CLANG_WARN_DOCUMENTATION_COMMENTS = YES;
				CLANG_WARN_EMPTY_BODY = YES;
				CLANG_WARN_ENUM_CONVERSION = YES;
				CLANG_WARN_INFINITE_RECURSION = YES;
				CLANG_WARN_INT_CONVERSION = YES;
				CLANG_WARN_NON_LITERAL_NULL_CONVERSION = YES;
				CLANG_WARN_OBJC_IMPLICIT_RETAIN_SELF = YES;
				CLANG_WARN_OBJC_LITERAL_CONVERSION = YES;
				CLANG_WARN_OBJC_ROOT_CLASS = YES_ERROR;
				CLANG_WARN_RANGE_LOOP_ANALYSIS = YES;
				CLANG_WARN_STRICT_PROTOTYPES = YES;
				CLANG_WARN_SUSPICIOUS_MOVE = YES;
				CLANG_WARN_UNGUARDED_AVAILABILITY = YES_AGGRESSIVE;
				CLANG_WARN_UNREACHABLE_CODE = YES;
				CLANG_WARN__DUPLICATE_METHOD_MATCH = YES;
				CODE_SIGN_IDENTITY = "iPhone Developer";
				COPY_PHASE_STRIP = NO;
				DEBUG_INFORMATION_FORMAT = dwarf;
				ENABLE_STRICT_OBJC_MSGSEND = YES;
				ENABLE_TESTABILITY = YES;
				GCC_C_LANGUAGE_STANDARD = gnu11;
				GCC_DYNAMIC_NO_PIC = NO;
				GCC_NO_COMMON_BLOCKS = YES;
				GCC_OPTIMIZATION_LEVEL = 0;
				GCC_PREPROCESSOR_DEFINITIONS = (
					"DEBUG=1",
					"$(inherited)",
				);
				GCC_WARN_64_TO_32_BIT_CONVERSION = YES;
				GCC_WARN_ABOUT_RETURN_TYPE = YES_ERROR;
				GCC_WARN_UNDECLARED_SELECTOR = YES;
				GCC_WARN_UNINITIALIZED_AUTOS = YES_AGGRESSIVE;
				GCC_WARN_UNUSED_FUNCTION = YES;
				GCC_WARN_UNUSED_VARIABLE = YES;
				IPHONEOS_DEPLOYMENT_TARGET = 12.2;
				MTL_ENABLE_DEBUG_INFO = INCLUDE_SOURCE;
				MTL_FAST_MATH = YES;
				ONLY_ACTIVE_ARCH = YES;
				SDKROOT = iphoneos;
				SWIFT_ACTIVE_COMPILATION_CONDITIONS = DEBUG;
				SWIFT_OPTIMIZATION_LEVEL = "-Onone";
			};
			name = Debug;
		};
		C4E0F785226806F400D6F6E1 /* Release */ = {
			isa = XCBuildConfiguration;
			buildSettings = {
				ALWAYS_SEARCH_USER_PATHS = NO;
				CLANG_ANALYZER_NONNULL = YES;
				CLANG_ANALYZER_NUMBER_OBJECT_CONVERSION = YES_AGGRESSIVE;
				CLANG_CXX_LANGUAGE_STANDARD = "gnu++14";
				CLANG_CXX_LIBRARY = "libc++";
				CLANG_ENABLE_MODULES = YES;
				CLANG_ENABLE_OBJC_ARC = YES;
				CLANG_ENABLE_OBJC_WEAK = YES;
				CLANG_WARN_BLOCK_CAPTURE_AUTORELEASING = YES;
				CLANG_WARN_BOOL_CONVERSION = YES;
				CLANG_WARN_COMMA = YES;
				CLANG_WARN_CONSTANT_CONVERSION = YES;
				CLANG_WARN_DEPRECATED_OBJC_IMPLEMENTATIONS = YES;
				CLANG_WARN_DIRECT_OBJC_ISA_USAGE = YES_ERROR;
				CLANG_WARN_DOCUMENTATION_COMMENTS = YES;
				CLANG_WARN_EMPTY_BODY = YES;
				CLANG_WARN_ENUM_CONVERSION = YES;
				CLANG_WARN_INFINITE_RECURSION = YES;
				CLANG_WARN_INT_CONVERSION = YES;
				CLANG_WARN_NON_LITERAL_NULL_CONVERSION = YES;
				CLANG_WARN_OBJC_IMPLICIT_RETAIN_SELF = YES;
				CLANG_WARN_OBJC_LITERAL_CONVERSION = YES;
				CLANG_WARN_OBJC_ROOT_CLASS = YES_ERROR;
				CLANG_WARN_RANGE_LOOP_ANALYSIS = YES;
				CLANG_WARN_STRICT_PROTOTYPES = YES;
				CLANG_WARN_SUSPICIOUS_MOVE = YES;
				CLANG_WARN_UNGUARDED_AVAILABILITY = YES_AGGRESSIVE;
				CLANG_WARN_UNREACHABLE_CODE = YES;
				CLANG_WARN__DUPLICATE_METHOD_MATCH = YES;
				CODE_SIGN_IDENTITY = "iPhone Developer";
				COPY_PHASE_STRIP = NO;
				DEBUG_INFORMATION_FORMAT = "dwarf-with-dsym";
				ENABLE_NS_ASSERTIONS = NO;
				ENABLE_STRICT_OBJC_MSGSEND = YES;
				GCC_C_LANGUAGE_STANDARD = gnu11;
				GCC_NO_COMMON_BLOCKS = YES;
				GCC_WARN_64_TO_32_BIT_CONVERSION = YES;
				GCC_WARN_ABOUT_RETURN_TYPE = YES_ERROR;
				GCC_WARN_UNDECLARED_SELECTOR = YES;
				GCC_WARN_UNINITIALIZED_AUTOS = YES_AGGRESSIVE;
				GCC_WARN_UNUSED_FUNCTION = YES;
				GCC_WARN_UNUSED_VARIABLE = YES;
				IPHONEOS_DEPLOYMENT_TARGET = 12.2;
				MTL_ENABLE_DEBUG_INFO = NO;
				MTL_FAST_MATH = YES;
				SDKROOT = iphoneos;
				SWIFT_COMPILATION_MODE = wholemodule;
				SWIFT_OPTIMIZATION_LEVEL = "-O";
				VALIDATE_PRODUCT = YES;
			};
			name = Release;
		};
		C4E0F787226806F400D6F6E1 /* Debug */ = {
			isa = XCBuildConfiguration;
			buildSettings = {
				ASSETCATALOG_COMPILER_APPICON_NAME = AppIcon;
				CODE_SIGN_STYLE = Automatic;
				DEVELOPMENT_TEAM = HS3YJBU82T;
				INFOPLIST_FILE = Asteroid/Info.plist;
				LD_RUNPATH_SEARCH_PATHS = (
					"$(inherited)",
					"@executable_path/Frameworks",
				);
				PRODUCT_BUNDLE_IDENTIFIER = com.afealy.Asteroid;
				PRODUCT_NAME = "$(TARGET_NAME)";
				SWIFT_VERSION = 5.0;
				TARGETED_DEVICE_FAMILY = "1,2";
			};
			name = Debug;
		};
		C4E0F788226806F400D6F6E1 /* Release */ = {
			isa = XCBuildConfiguration;
			buildSettings = {
				ASSETCATALOG_COMPILER_APPICON_NAME = AppIcon;
				CODE_SIGN_STYLE = Automatic;
				DEVELOPMENT_TEAM = HS3YJBU82T;
				INFOPLIST_FILE = Asteroid/Info.plist;
				LD_RUNPATH_SEARCH_PATHS = (
					"$(inherited)",
					"@executable_path/Frameworks",
				);
				PRODUCT_BUNDLE_IDENTIFIER = com.afealy.Asteroid;
				PRODUCT_NAME = "$(TARGET_NAME)";
				SWIFT_VERSION = 5.0;
				TARGETED_DEVICE_FAMILY = "1,2";
			};
			name = Release;
		};
/* End XCBuildConfiguration section */

/* Begin XCConfigurationList section */
		C4E0F769226806F100D6F6E1 /* Build configuration list for PBXProject "Asteroid" */ = {
			isa = XCConfigurationList;
			buildConfigurations = (
				C4E0F784226806F400D6F6E1 /* Debug */,
				C4E0F785226806F400D6F6E1 /* Release */,
			);
			defaultConfigurationIsVisible = 0;
			defaultConfigurationName = Release;
		};
		C4E0F786226806F400D6F6E1 /* Build configuration list for PBXNativeTarget "Asteroid" */ = {
			isa = XCConfigurationList;
			buildConfigurations = (
				C4E0F787226806F400D6F6E1 /* Debug */,
				C4E0F788226806F400D6F6E1 /* Release */,
			);
			defaultConfigurationIsVisible = 0;
			defaultConfigurationName = Release;
		};
/* End XCConfigurationList section */
	};
	rootObject = C4E0F766226806F100D6F6E1 /* Project object */;
}
